// !$*UTF8*$!
{
	archiveVersion = 1;
	classes = {
	};
	objectVersion = 56;
	objects = {

/* Begin PBXBuildFile section */
		312E30561B5F0066506B653F /* ApiService.swift in Sources */ = {isa = PBXBuildFile; fileRef = 312E3BECAA44E30BD89655C4 /* ApiService.swift */; };
		312E30913DD4A182E89CC203 /* ManageEntrepriseViewModel.swift in Sources */ = {isa = PBXBuildFile; fileRef = 312E325C0F666666B5948B28 /* ManageEntrepriseViewModel.swift */; };
		312E3537F6E6C678318707E2 /* EntrepriseDataModel.swift in Sources */ = {isa = PBXBuildFile; fileRef = 312E36E3C97DB458581A2B8F /* EntrepriseDataModel.swift */; };
		312E37404C540EBB96E0DA3F /* BatimentTableViewCell.swift in Sources */ = {isa = PBXBuildFile; fileRef = 312E3F34C0B9C3BD7FFDC5E7 /* BatimentTableViewCell.swift */; };
		312E38EA7A2E517FF55E5F33 /* BatimentDataModel.swift in Sources */ = {isa = PBXBuildFile; fileRef = 312E3A2BCFA2AFA87148B374 /* BatimentDataModel.swift */; };
		312E3AB564F8B645FB27F0C9 /* .gitignore in Resources */ = {isa = PBXBuildFile; fileRef = 312E3F255F447829931B3529 /* .gitignore */; };
		312E3D8C6055353567A8FD81 /* ReponseDataModel.swift in Sources */ = {isa = PBXBuildFile; fileRef = 312E3C53497BB650CB92CEEF /* ReponseDataModel.swift */; };
		312E3D98B21A5651E9330B9D /* Plane.swift in Sources */ = {isa = PBXBuildFile; fileRef = 312E369DC7D95DA1DA1CBE8B /* Plane.swift */; };
		312E3E6F12FF4C0BD2875BA8 /* ManageQuestionViewModel.swift in Sources */ = {isa = PBXBuildFile; fileRef = 312E39A685B223D18AFA00B6 /* ManageQuestionViewModel.swift */; };
		4A04144629B0EFBA00598F57 /* BatimentViewController.swift in Sources */ = {isa = PBXBuildFile; fileRef = 4A04144529B0EFBA00598F57 /* BatimentViewController.swift */; };
		4A08C87A29AFDB7B000DDFA0 /* EntrepriseViewController.swift in Sources */ = {isa = PBXBuildFile; fileRef = 4A08C87929AFDB7B000DDFA0 /* EntrepriseViewController.swift */; };
		4A4EC13429B09761006313C3 /* ARMeasureViewController.swift in Sources */ = {isa = PBXBuildFile; fileRef = 4A4EC13329B09761006313C3 /* ARMeasureViewController.swift */; };
		4AA3C84429B139F000C9ACC6 /* FormulaireViewController.swift in Sources */ = {isa = PBXBuildFile; fileRef = 4AA3C84329B139F000C9ACC6 /* FormulaireViewController.swift */; };
		4AA3C84629B13BB300C9ACC6 /* FormulaireTableViewCell.swift in Sources */ = {isa = PBXBuildFile; fileRef = 4AA3C84529B13BB300C9ACC6 /* FormulaireTableViewCell.swift */; };
		4AD93D4229B0C8AD005D1A33 /* SCNLine in Frameworks */ = {isa = PBXBuildFile; productRef = 4AD93D4129B0C8AD005D1A33 /* SCNLine */; };
		4AEE66DA29AFE99400BA88B9 /* EntrepriseViewCellTableViewCell.swift in Sources */ = {isa = PBXBuildFile; fileRef = 4AEE66D929AFE99400BA88B9 /* EntrepriseViewCellTableViewCell.swift */; };
		DDEC613529AFCED4004B11C7 /* AppDelegate.swift in Sources */ = {isa = PBXBuildFile; fileRef = DDEC613429AFCED4004B11C7 /* AppDelegate.swift */; };
		DDEC613729AFCED4004B11C7 /* SceneDelegate.swift in Sources */ = {isa = PBXBuildFile; fileRef = DDEC613629AFCED4004B11C7 /* SceneDelegate.swift */; };
		DDEC613929AFCED4004B11C7 /* ViewController.swift in Sources */ = {isa = PBXBuildFile; fileRef = DDEC613829AFCED4004B11C7 /* ViewController.swift */; };
		DDEC613C29AFCED4004B11C7 /* Main.storyboard in Resources */ = {isa = PBXBuildFile; fileRef = DDEC613A29AFCED4004B11C7 /* Main.storyboard */; };
		DDEC613E29AFCED7004B11C7 /* Assets.xcassets in Resources */ = {isa = PBXBuildFile; fileRef = DDEC613D29AFCED7004B11C7 /* Assets.xcassets */; };
		DDEC614129AFCED7004B11C7 /* LaunchScreen.storyboard in Resources */ = {isa = PBXBuildFile; fileRef = DDEC613F29AFCED7004B11C7 /* LaunchScreen.storyboard */; };
		DDEC614C29AFCED7004B11C7 /* EqualPathTests.swift in Sources */ = {isa = PBXBuildFile; fileRef = DDEC614B29AFCED7004B11C7 /* EqualPathTests.swift */; };
		DDEC615629AFCED7004B11C7 /* EqualPathUITests.swift in Sources */ = {isa = PBXBuildFile; fileRef = DDEC615529AFCED7004B11C7 /* EqualPathUITests.swift */; };
		DDEC615829AFCED7004B11C7 /* EqualPathUITestsLaunchTests.swift in Sources */ = {isa = PBXBuildFile; fileRef = DDEC615729AFCED7004B11C7 /* EqualPathUITestsLaunchTests.swift */; };
/* End PBXBuildFile section */

/* Begin PBXContainerItemProxy section */
		DDEC614829AFCED7004B11C7 /* PBXContainerItemProxy */ = {
			isa = PBXContainerItemProxy;
			containerPortal = DDEC612929AFCED4004B11C7 /* Project object */;
			proxyType = 1;
			remoteGlobalIDString = DDEC613029AFCED4004B11C7;
			remoteInfo = EqualPath;
		};
		DDEC615229AFCED7004B11C7 /* PBXContainerItemProxy */ = {
			isa = PBXContainerItemProxy;
			containerPortal = DDEC612929AFCED4004B11C7 /* Project object */;
			proxyType = 1;
			remoteGlobalIDString = DDEC613029AFCED4004B11C7;
			remoteInfo = EqualPath;
		};
/* End PBXContainerItemProxy section */

/* Begin PBXFileReference section */
		312E325C0F666666B5948B28 /* ManageEntrepriseViewModel.swift */ = {isa = PBXFileReference; fileEncoding = 4; lastKnownFileType = sourcecode.swift; path = ManageEntrepriseViewModel.swift; sourceTree = "<group>"; };
		312E369DC7D95DA1DA1CBE8B /* Plane.swift */ = {isa = PBXFileReference; fileEncoding = 4; lastKnownFileType = sourcecode.swift; path = Plane.swift; sourceTree = "<group>"; };
		312E36E3C97DB458581A2B8F /* EntrepriseDataModel.swift */ = {isa = PBXFileReference; fileEncoding = 4; lastKnownFileType = sourcecode.swift; path = EntrepriseDataModel.swift; sourceTree = "<group>"; };
		312E39A685B223D18AFA00B6 /* ManageQuestionViewModel.swift */ = {isa = PBXFileReference; fileEncoding = 4; lastKnownFileType = sourcecode.swift; path = ManageQuestionViewModel.swift; sourceTree = "<group>"; };
		312E3A2BCFA2AFA87148B374 /* BatimentDataModel.swift */ = {isa = PBXFileReference; fileEncoding = 4; lastKnownFileType = sourcecode.swift; path = BatimentDataModel.swift; sourceTree = "<group>"; };
		312E3BECAA44E30BD89655C4 /* ApiService.swift */ = {isa = PBXFileReference; fileEncoding = 4; lastKnownFileType = sourcecode.swift; path = ApiService.swift; sourceTree = "<group>"; };
		312E3C53497BB650CB92CEEF /* ReponseDataModel.swift */ = {isa = PBXFileReference; fileEncoding = 4; lastKnownFileType = sourcecode.swift; path = ReponseDataModel.swift; sourceTree = "<group>"; };
		312E3F255F447829931B3529 /* .gitignore */ = {isa = PBXFileReference; lastKnownFileType = file.gitignore; path = .gitignore; sourceTree = "<group>"; };
		312E3F34C0B9C3BD7FFDC5E7 /* BatimentTableViewCell.swift */ = {isa = PBXFileReference; fileEncoding = 4; lastKnownFileType = sourcecode.swift; path = BatimentTableViewCell.swift; sourceTree = "<group>"; };
		4A04144529B0EFBA00598F57 /* BatimentViewController.swift */ = {isa = PBXFileReference; lastKnownFileType = sourcecode.swift; path = BatimentViewController.swift; sourceTree = "<group>"; };
		4A08C87929AFDB7B000DDFA0 /* EntrepriseViewController.swift */ = {isa = PBXFileReference; lastKnownFileType = sourcecode.swift; path = EntrepriseViewController.swift; sourceTree = "<group>"; };
		4A4EC13329B09761006313C3 /* ARMeasureViewController.swift */ = {isa = PBXFileReference; lastKnownFileType = sourcecode.swift; path = ARMeasureViewController.swift; sourceTree = "<group>"; };
		4AA3C84329B139F000C9ACC6 /* FormulaireViewController.swift */ = {isa = PBXFileReference; lastKnownFileType = sourcecode.swift; path = FormulaireViewController.swift; sourceTree = "<group>"; };
		4AA3C84529B13BB300C9ACC6 /* FormulaireTableViewCell.swift */ = {isa = PBXFileReference; lastKnownFileType = sourcecode.swift; path = FormulaireTableViewCell.swift; sourceTree = "<group>"; };
		4AD93D4329B0E3FD005D1A33 /* fr */ = {isa = PBXFileReference; lastKnownFileType = text.plist.strings; name = fr; path = fr.lproj/Main.strings; sourceTree = "<group>"; };
		4AD93D4429B0E3FD005D1A33 /* fr */ = {isa = PBXFileReference; lastKnownFileType = text.plist.strings; name = fr; path = fr.lproj/LaunchScreen.strings; sourceTree = "<group>"; };
		4AEE66D929AFE99400BA88B9 /* EntrepriseViewCellTableViewCell.swift */ = {isa = PBXFileReference; lastKnownFileType = sourcecode.swift; path = EntrepriseViewCellTableViewCell.swift; sourceTree = "<group>"; };
		DDEC613129AFCED4004B11C7 /* EqualPath.app */ = {isa = PBXFileReference; explicitFileType = wrapper.application; includeInIndex = 0; path = EqualPath.app; sourceTree = BUILT_PRODUCTS_DIR; };
		DDEC613429AFCED4004B11C7 /* AppDelegate.swift */ = {isa = PBXFileReference; lastKnownFileType = sourcecode.swift; path = AppDelegate.swift; sourceTree = "<group>"; };
		DDEC613629AFCED4004B11C7 /* SceneDelegate.swift */ = {isa = PBXFileReference; lastKnownFileType = sourcecode.swift; path = SceneDelegate.swift; sourceTree = "<group>"; };
		DDEC613829AFCED4004B11C7 /* ViewController.swift */ = {isa = PBXFileReference; lastKnownFileType = sourcecode.swift; path = ViewController.swift; sourceTree = "<group>"; };
		DDEC613B29AFCED4004B11C7 /* Base */ = {isa = PBXFileReference; lastKnownFileType = file.storyboard; name = Base; path = Base.lproj/Main.storyboard; sourceTree = "<group>"; };
		DDEC613D29AFCED7004B11C7 /* Assets.xcassets */ = {isa = PBXFileReference; lastKnownFileType = folder.assetcatalog; path = Assets.xcassets; sourceTree = "<group>"; };
		DDEC614029AFCED7004B11C7 /* Base */ = {isa = PBXFileReference; lastKnownFileType = file.storyboard; name = Base; path = Base.lproj/LaunchScreen.storyboard; sourceTree = "<group>"; };
		DDEC614229AFCED7004B11C7 /* Info.plist */ = {isa = PBXFileReference; lastKnownFileType = text.plist.xml; path = Info.plist; sourceTree = "<group>"; };
		DDEC614729AFCED7004B11C7 /* EqualPathTests.xctest */ = {isa = PBXFileReference; explicitFileType = wrapper.cfbundle; includeInIndex = 0; path = EqualPathTests.xctest; sourceTree = BUILT_PRODUCTS_DIR; };
		DDEC614B29AFCED7004B11C7 /* EqualPathTests.swift */ = {isa = PBXFileReference; lastKnownFileType = sourcecode.swift; path = EqualPathTests.swift; sourceTree = "<group>"; };
		DDEC615129AFCED7004B11C7 /* EqualPathUITests.xctest */ = {isa = PBXFileReference; explicitFileType = wrapper.cfbundle; includeInIndex = 0; path = EqualPathUITests.xctest; sourceTree = BUILT_PRODUCTS_DIR; };
		DDEC615529AFCED7004B11C7 /* EqualPathUITests.swift */ = {isa = PBXFileReference; lastKnownFileType = sourcecode.swift; path = EqualPathUITests.swift; sourceTree = "<group>"; };
		DDEC615729AFCED7004B11C7 /* EqualPathUITestsLaunchTests.swift */ = {isa = PBXFileReference; lastKnownFileType = sourcecode.swift; path = EqualPathUITestsLaunchTests.swift; sourceTree = "<group>"; };
/* End PBXFileReference section */

/* Begin PBXFrameworksBuildPhase section */
		DDEC612E29AFCED4004B11C7 /* Frameworks */ = {
			isa = PBXFrameworksBuildPhase;
			buildActionMask = 2147483647;
			files = (
				4AD93D4229B0C8AD005D1A33 /* SCNLine in Frameworks */,
			);
			runOnlyForDeploymentPostprocessing = 0;
		};
		DDEC614429AFCED7004B11C7 /* Frameworks */ = {
			isa = PBXFrameworksBuildPhase;
			buildActionMask = 2147483647;
			files = (
			);
			runOnlyForDeploymentPostprocessing = 0;
		};
		DDEC614E29AFCED7004B11C7 /* Frameworks */ = {
			isa = PBXFrameworksBuildPhase;
			buildActionMask = 2147483647;
			files = (
			);
			runOnlyForDeploymentPostprocessing = 0;
		};
/* End PBXFrameworksBuildPhase section */

/* Begin PBXGroup section */
		312E35239272B9984C21673F /* DataModel */ = {
			isa = PBXGroup;
			children = (
				312E3C53497BB650CB92CEEF /* ReponseDataModel.swift */,
				312E3A2BCFA2AFA87148B374 /* BatimentDataModel.swift */,
				312E36E3C97DB458581A2B8F /* EntrepriseDataModel.swift */,
			);
			path = DataModel;
			sourceTree = "<group>";
		};
		DD40AD1B29B1F867009067B0 /* API */ = {
			isa = PBXGroup;
			children = (
				312E3BECAA44E30BD89655C4 /* ApiService.swift */,
			);
			path = API;
			sourceTree = "<group>";
		};
		DD40AD1C29B1F88F009067B0 /* View controller */ = {
			isa = PBXGroup;
			children = (
				312E3F34C0B9C3BD7FFDC5E7 /* BatimentTableViewCell.swift */,
				4A4EC13329B09761006313C3 /* ARMeasureViewController.swift */,
				4AA3C84529B13BB300C9ACC6 /* FormulaireTableViewCell.swift */,
				4AA3C84329B139F000C9ACC6 /* FormulaireViewController.swift */,
				4A04144529B0EFBA00598F57 /* BatimentViewController.swift */,
				4A08C87929AFDB7B000DDFA0 /* EntrepriseViewController.swift */,
				4AEE66D929AFE99400BA88B9 /* EntrepriseViewCellTableViewCell.swift */,
			);
			path = "View controller";
			sourceTree = "<group>";
		};
		DD40AD1D29B1F8D4009067B0 /* View Model */ = {
			isa = PBXGroup;
			children = (
				312E325C0F666666B5948B28 /* ManageEntrepriseViewModel.swift */,
				312E39A685B223D18AFA00B6 /* ManageQuestionViewModel.swift */,
			);
			path = "View Model";
			sourceTree = "<group>";
		};
		DDEC612829AFCED4004B11C7 = {
			isa = PBXGroup;
			children = (
				DDEC613329AFCED4004B11C7 /* EqualPath */,
				DDEC614A29AFCED7004B11C7 /* EqualPathTests */,
				DDEC615429AFCED7004B11C7 /* EqualPathUITests */,
				DDEC613229AFCED4004B11C7 /* Products */,
				312E3F255F447829931B3529 /* .gitignore */,
			);
			sourceTree = "<group>";
		};
		DDEC613229AFCED4004B11C7 /* Products */ = {
			isa = PBXGroup;
			children = (
				DDEC613129AFCED4004B11C7 /* EqualPath.app */,
				DDEC614729AFCED7004B11C7 /* EqualPathTests.xctest */,
				DDEC615129AFCED7004B11C7 /* EqualPathUITests.xctest */,
			);
			name = Products;
			sourceTree = "<group>";
		};
		DDEC613329AFCED4004B11C7 /* EqualPath */ = {
			isa = PBXGroup;
			children = (
				DD40AD1B29B1F867009067B0 /* API */,
				312E35239272B9984C21673F /* DataModel */,
				DD40AD1D29B1F8D4009067B0 /* View Model */,
				DD40AD1C29B1F88F009067B0 /* View controller */,
				DDEC613429AFCED4004B11C7 /* AppDelegate.swift */,
				DDEC613629AFCED4004B11C7 /* SceneDelegate.swift */,
				DDEC613829AFCED4004B11C7 /* ViewController.swift */,
				312E369DC7D95DA1DA1CBE8B /* Plane.swift */,
				DDEC613A29AFCED4004B11C7 /* Main.storyboard */,
				DDEC613D29AFCED7004B11C7 /* Assets.xcassets */,
				DDEC613F29AFCED7004B11C7 /* LaunchScreen.storyboard */,
				DDEC614229AFCED7004B11C7 /* Info.plist */,
			);
			path = EqualPath;
			sourceTree = "<group>";
		};
		DDEC614A29AFCED7004B11C7 /* EqualPathTests */ = {
			isa = PBXGroup;
			children = (
				DDEC614B29AFCED7004B11C7 /* EqualPathTests.swift */,
			);
			path = EqualPathTests;
			sourceTree = "<group>";
		};
		DDEC615429AFCED7004B11C7 /* EqualPathUITests */ = {
			isa = PBXGroup;
			children = (
				DDEC615529AFCED7004B11C7 /* EqualPathUITests.swift */,
				DDEC615729AFCED7004B11C7 /* EqualPathUITestsLaunchTests.swift */,
			);
			path = EqualPathUITests;
			sourceTree = "<group>";
		};
/* End PBXGroup section */

/* Begin PBXNativeTarget section */
		DDEC613029AFCED4004B11C7 /* EqualPath */ = {
			isa = PBXNativeTarget;
			buildConfigurationList = DDEC615B29AFCED7004B11C7 /* Build configuration list for PBXNativeTarget "EqualPath" */;
			buildPhases = (
				DDEC612D29AFCED4004B11C7 /* Sources */,
				DDEC612E29AFCED4004B11C7 /* Frameworks */,
				DDEC612F29AFCED4004B11C7 /* Resources */,
			);
			buildRules = (
			);
			dependencies = (
			);
			name = EqualPath;
			packageProductDependencies = (
				4AD93D4129B0C8AD005D1A33 /* SCNLine */,
			);
			productName = EqualPath;
			productReference = DDEC613129AFCED4004B11C7 /* EqualPath.app */;
			productType = "com.apple.product-type.application";
		};
		DDEC614629AFCED7004B11C7 /* EqualPathTests */ = {
			isa = PBXNativeTarget;
			buildConfigurationList = DDEC615E29AFCED7004B11C7 /* Build configuration list for PBXNativeTarget "EqualPathTests" */;
			buildPhases = (
				DDEC614329AFCED7004B11C7 /* Sources */,
				DDEC614429AFCED7004B11C7 /* Frameworks */,
				DDEC614529AFCED7004B11C7 /* Resources */,
			);
			buildRules = (
			);
			dependencies = (
				DDEC614929AFCED7004B11C7 /* PBXTargetDependency */,
			);
			name = EqualPathTests;
			productName = EqualPathTests;
			productReference = DDEC614729AFCED7004B11C7 /* EqualPathTests.xctest */;
			productType = "com.apple.product-type.bundle.unit-test";
		};
		DDEC615029AFCED7004B11C7 /* EqualPathUITests */ = {
			isa = PBXNativeTarget;
			buildConfigurationList = DDEC616129AFCED7004B11C7 /* Build configuration list for PBXNativeTarget "EqualPathUITests" */;
			buildPhases = (
				DDEC614D29AFCED7004B11C7 /* Sources */,
				DDEC614E29AFCED7004B11C7 /* Frameworks */,
				DDEC614F29AFCED7004B11C7 /* Resources */,
			);
			buildRules = (
			);
			dependencies = (
				DDEC615329AFCED7004B11C7 /* PBXTargetDependency */,
			);
			name = EqualPathUITests;
			productName = EqualPathUITests;
			productReference = DDEC615129AFCED7004B11C7 /* EqualPathUITests.xctest */;
			productType = "com.apple.product-type.bundle.ui-testing";
		};
/* End PBXNativeTarget section */

/* Begin PBXProject section */
		DDEC612929AFCED4004B11C7 /* Project object */ = {
			isa = PBXProject;
			attributes = {
				BuildIndependentTargetsInParallel = 1;
				KnownAssetTags = (
					New,
				);
				LastSwiftUpdateCheck = 1410;
				LastUpgradeCheck = 1410;
				TargetAttributes = {
					DDEC613029AFCED4004B11C7 = {
						CreatedOnToolsVersion = 14.1;
					};
					DDEC614629AFCED7004B11C7 = {
						CreatedOnToolsVersion = 14.1;
						TestTargetID = DDEC613029AFCED4004B11C7;
					};
					DDEC615029AFCED7004B11C7 = {
						CreatedOnToolsVersion = 14.1;
						TestTargetID = DDEC613029AFCED4004B11C7;
					};
				};
			};
			buildConfigurationList = DDEC612C29AFCED4004B11C7 /* Build configuration list for PBXProject "EqualPath" */;
			compatibilityVersion = "Xcode 14.0";
			developmentRegion = en;
			hasScannedForEncodings = 0;
			knownRegions = (
				en,
				Base,
				fr,
			);
			mainGroup = DDEC612829AFCED4004B11C7;
			packageReferences = (
				4AD93D4029B0C8AD005D1A33 /* XCRemoteSwiftPackageReference "SceneKit-SCNLine" */,
			);
			productRefGroup = DDEC613229AFCED4004B11C7 /* Products */;
			projectDirPath = "";
			projectRoot = "";
			targets = (
				DDEC613029AFCED4004B11C7 /* EqualPath */,
				DDEC614629AFCED7004B11C7 /* EqualPathTests */,
				DDEC615029AFCED7004B11C7 /* EqualPathUITests */,
			);
		};
/* End PBXProject section */

/* Begin PBXResourcesBuildPhase section */
		DDEC612F29AFCED4004B11C7 /* Resources */ = {
			isa = PBXResourcesBuildPhase;
			buildActionMask = 2147483647;
			files = (
				DDEC614129AFCED7004B11C7 /* LaunchScreen.storyboard in Resources */,
				DDEC613E29AFCED7004B11C7 /* Assets.xcassets in Resources */,
				DDEC613C29AFCED4004B11C7 /* Main.storyboard in Resources */,
				312E3AB564F8B645FB27F0C9 /* .gitignore in Resources */,
			);
			runOnlyForDeploymentPostprocessing = 0;
		};
		DDEC614529AFCED7004B11C7 /* Resources */ = {
			isa = PBXResourcesBuildPhase;
			buildActionMask = 2147483647;
			files = (
			);
			runOnlyForDeploymentPostprocessing = 0;
		};
		DDEC614F29AFCED7004B11C7 /* Resources */ = {
			isa = PBXResourcesBuildPhase;
			buildActionMask = 2147483647;
			files = (
			);
			runOnlyForDeploymentPostprocessing = 0;
		};
/* End PBXResourcesBuildPhase section */

/* Begin PBXSourcesBuildPhase section */
		DDEC612D29AFCED4004B11C7 /* Sources */ = {
			isa = PBXSourcesBuildPhase;
			buildActionMask = 2147483647;
			files = (
				DDEC613929AFCED4004B11C7 /* ViewController.swift in Sources */,
				DDEC613529AFCED4004B11C7 /* AppDelegate.swift in Sources */,
				4AA3C84629B13BB300C9ACC6 /* FormulaireTableViewCell.swift in Sources */,
				4A4EC13429B09761006313C3 /* ARMeasureViewController.swift in Sources */,
				DDEC613729AFCED4004B11C7 /* SceneDelegate.swift in Sources */,
				4AEE66DA29AFE99400BA88B9 /* EntrepriseViewCellTableViewCell.swift in Sources */,
				4A08C87A29AFDB7B000DDFA0 /* EntrepriseViewController.swift in Sources */,
				312E3D98B21A5651E9330B9D /* Plane.swift in Sources */,
				4A04144629B0EFBA00598F57 /* BatimentViewController.swift in Sources */,
				312E3D8C6055353567A8FD81 /* ReponseDataModel.swift in Sources */,
				312E38EA7A2E517FF55E5F33 /* BatimentDataModel.swift in Sources */,
				312E3537F6E6C678318707E2 /* EntrepriseDataModel.swift in Sources */,
				312E37404C540EBB96E0DA3F /* BatimentTableViewCell.swift in Sources */,
				312E30561B5F0066506B653F /* ApiService.swift in Sources */,
				4AA3C84429B139F000C9ACC6 /* FormulaireViewController.swift in Sources */,
				312E30913DD4A182E89CC203 /* ManageEntrepriseViewModel.swift in Sources */,
				312E3E6F12FF4C0BD2875BA8 /* ManageQuestionViewModel.swift in Sources */,
			);
			runOnlyForDeploymentPostprocessing = 0;
		};
		DDEC614329AFCED7004B11C7 /* Sources */ = {
			isa = PBXSourcesBuildPhase;
			buildActionMask = 2147483647;
			files = (
				DDEC614C29AFCED7004B11C7 /* EqualPathTests.swift in Sources */,
			);
			runOnlyForDeploymentPostprocessing = 0;
		};
		DDEC614D29AFCED7004B11C7 /* Sources */ = {
			isa = PBXSourcesBuildPhase;
			buildActionMask = 2147483647;
			files = (
				DDEC615829AFCED7004B11C7 /* EqualPathUITestsLaunchTests.swift in Sources */,
				DDEC615629AFCED7004B11C7 /* EqualPathUITests.swift in Sources */,
			);
			runOnlyForDeploymentPostprocessing = 0;
		};
/* End PBXSourcesBuildPhase section */

/* Begin PBXTargetDependency section */
		DDEC614929AFCED7004B11C7 /* PBXTargetDependency */ = {
			isa = PBXTargetDependency;
			target = DDEC613029AFCED4004B11C7 /* EqualPath */;
			targetProxy = DDEC614829AFCED7004B11C7 /* PBXContainerItemProxy */;
		};
		DDEC615329AFCED7004B11C7 /* PBXTargetDependency */ = {
			isa = PBXTargetDependency;
			target = DDEC613029AFCED4004B11C7 /* EqualPath */;
			targetProxy = DDEC615229AFCED7004B11C7 /* PBXContainerItemProxy */;
		};
/* End PBXTargetDependency section */

/* Begin PBXVariantGroup section */
		DDEC613A29AFCED4004B11C7 /* Main.storyboard */ = {
			isa = PBXVariantGroup;
			children = (
				DDEC613B29AFCED4004B11C7 /* Base */,
				4AD93D4329B0E3FD005D1A33 /* fr */,
			);
			name = Main.storyboard;
			sourceTree = "<group>";
		};
		DDEC613F29AFCED7004B11C7 /* LaunchScreen.storyboard */ = {
			isa = PBXVariantGroup;
			children = (
				DDEC614029AFCED7004B11C7 /* Base */,
				4AD93D4429B0E3FD005D1A33 /* fr */,
			);
			name = LaunchScreen.storyboard;
			sourceTree = "<group>";
		};
/* End PBXVariantGroup section */

/* Begin XCBuildConfiguration section */
		DDEC615929AFCED7004B11C7 /* Debug */ = {
			isa = XCBuildConfiguration;
			buildSettings = {
				ALWAYS_SEARCH_USER_PATHS = NO;
				CLANG_ANALYZER_LOCALIZABILITY_NONLOCALIZED = YES;
				CLANG_ANALYZER_NONNULL = YES;
				CLANG_ANALYZER_NUMBER_OBJECT_CONVERSION = YES_AGGRESSIVE;
				CLANG_CXX_LANGUAGE_STANDARD = "gnu++20";
				CLANG_ENABLE_MODULES = YES;
				CLANG_ENABLE_OBJC_ARC = YES;
				CLANG_ENABLE_OBJC_WEAK = YES;
				CLANG_WARN_BLOCK_CAPTURE_AUTORELEASING = YES;
				CLANG_WARN_BOOL_CONVERSION = YES;
				CLANG_WARN_COMMA = YES;
				CLANG_WARN_CONSTANT_CONVERSION = YES;
				CLANG_WARN_DEPRECATED_OBJC_IMPLEMENTATIONS = YES;
				CLANG_WARN_DIRECT_OBJC_ISA_USAGE = YES_ERROR;
				CLANG_WARN_DOCUMENTATION_COMMENTS = YES;
				CLANG_WARN_EMPTY_BODY = YES;
				CLANG_WARN_ENUM_CONVERSION = YES;
				CLANG_WARN_INFINITE_RECURSION = YES;
				CLANG_WARN_INT_CONVERSION = YES;
				CLANG_WARN_NON_LITERAL_NULL_CONVERSION = YES;
				CLANG_WARN_OBJC_IMPLICIT_RETAIN_SELF = YES;
				CLANG_WARN_OBJC_LITERAL_CONVERSION = YES;
				CLANG_WARN_OBJC_ROOT_CLASS = YES_ERROR;
				CLANG_WARN_QUOTED_INCLUDE_IN_FRAMEWORK_HEADER = YES;
				CLANG_WARN_RANGE_LOOP_ANALYSIS = YES;
				CLANG_WARN_STRICT_PROTOTYPES = YES;
				CLANG_WARN_SUSPICIOUS_MOVE = YES;
				CLANG_WARN_UNGUARDED_AVAILABILITY = YES_AGGRESSIVE;
				CLANG_WARN_UNREACHABLE_CODE = YES;
				CLANG_WARN__DUPLICATE_METHOD_MATCH = YES;
				COPY_PHASE_STRIP = NO;
				DEBUG_INFORMATION_FORMAT = dwarf;
				ENABLE_STRICT_OBJC_MSGSEND = YES;
				ENABLE_TESTABILITY = YES;
				GCC_C_LANGUAGE_STANDARD = gnu11;
				GCC_DYNAMIC_NO_PIC = NO;
				GCC_NO_COMMON_BLOCKS = YES;
				GCC_OPTIMIZATION_LEVEL = 0;
				GCC_PREPROCESSOR_DEFINITIONS = (
					"DEBUG=1",
					"$(inherited)",
				);
				GCC_WARN_64_TO_32_BIT_CONVERSION = YES;
				GCC_WARN_ABOUT_RETURN_TYPE = YES_ERROR;
				GCC_WARN_UNDECLARED_SELECTOR = YES;
				GCC_WARN_UNINITIALIZED_AUTOS = YES_AGGRESSIVE;
				GCC_WARN_UNUSED_FUNCTION = YES;
				GCC_WARN_UNUSED_VARIABLE = YES;
				IPHONEOS_DEPLOYMENT_TARGET = 16.1;
				MTL_ENABLE_DEBUG_INFO = INCLUDE_SOURCE;
				MTL_FAST_MATH = YES;
				ONLY_ACTIVE_ARCH = YES;
				SDKROOT = iphoneos;
				SWIFT_ACTIVE_COMPILATION_CONDITIONS = DEBUG;
				SWIFT_OPTIMIZATION_LEVEL = "-Onone";
			};
			name = Debug;
		};
		DDEC615A29AFCED7004B11C7 /* Release */ = {
			isa = XCBuildConfiguration;
			buildSettings = {
				ALWAYS_SEARCH_USER_PATHS = NO;
				CLANG_ANALYZER_LOCALIZABILITY_NONLOCALIZED = YES;
				CLANG_ANALYZER_NONNULL = YES;
				CLANG_ANALYZER_NUMBER_OBJECT_CONVERSION = YES_AGGRESSIVE;
				CLANG_CXX_LANGUAGE_STANDARD = "gnu++20";
				CLANG_ENABLE_MODULES = YES;
				CLANG_ENABLE_OBJC_ARC = YES;
				CLANG_ENABLE_OBJC_WEAK = YES;
				CLANG_WARN_BLOCK_CAPTURE_AUTORELEASING = YES;
				CLANG_WARN_BOOL_CONVERSION = YES;
				CLANG_WARN_COMMA = YES;
				CLANG_WARN_CONSTANT_CONVERSION = YES;
				CLANG_WARN_DEPRECATED_OBJC_IMPLEMENTATIONS = YES;
				CLANG_WARN_DIRECT_OBJC_ISA_USAGE = YES_ERROR;
				CLANG_WARN_DOCUMENTATION_COMMENTS = YES;
				CLANG_WARN_EMPTY_BODY = YES;
				CLANG_WARN_ENUM_CONVERSION = YES;
				CLANG_WARN_INFINITE_RECURSION = YES;
				CLANG_WARN_INT_CONVERSION = YES;
				CLANG_WARN_NON_LITERAL_NULL_CONVERSION = YES;
				CLANG_WARN_OBJC_IMPLICIT_RETAIN_SELF = YES;
				CLANG_WARN_OBJC_LITERAL_CONVERSION = YES;
				CLANG_WARN_OBJC_ROOT_CLASS = YES_ERROR;
				CLANG_WARN_QUOTED_INCLUDE_IN_FRAMEWORK_HEADER = YES;
				CLANG_WARN_RANGE_LOOP_ANALYSIS = YES;
				CLANG_WARN_STRICT_PROTOTYPES = YES;
				CLANG_WARN_SUSPICIOUS_MOVE = YES;
				CLANG_WARN_UNGUARDED_AVAILABILITY = YES_AGGRESSIVE;
				CLANG_WARN_UNREACHABLE_CODE = YES;
				CLANG_WARN__DUPLICATE_METHOD_MATCH = YES;
				COPY_PHASE_STRIP = NO;
				DEBUG_INFORMATION_FORMAT = "dwarf-with-dsym";
				ENABLE_NS_ASSERTIONS = NO;
				ENABLE_STRICT_OBJC_MSGSEND = YES;
				GCC_C_LANGUAGE_STANDARD = gnu11;
				GCC_NO_COMMON_BLOCKS = YES;
				GCC_WARN_64_TO_32_BIT_CONVERSION = YES;
				GCC_WARN_ABOUT_RETURN_TYPE = YES_ERROR;
				GCC_WARN_UNDECLARED_SELECTOR = YES;
				GCC_WARN_UNINITIALIZED_AUTOS = YES_AGGRESSIVE;
				GCC_WARN_UNUSED_FUNCTION = YES;
				GCC_WARN_UNUSED_VARIABLE = YES;
				IPHONEOS_DEPLOYMENT_TARGET = 16.1;
				MTL_ENABLE_DEBUG_INFO = NO;
				MTL_FAST_MATH = YES;
				SDKROOT = iphoneos;
				SWIFT_COMPILATION_MODE = wholemodule;
				SWIFT_OPTIMIZATION_LEVEL = "-O";
				VALIDATE_PRODUCT = YES;
			};
			name = Release;
		};
		DDEC615C29AFCED7004B11C7 /* Debug */ = {
			isa = XCBuildConfiguration;
			buildSettings = {
				ASSETCATALOG_COMPILER_APPICON_NAME = AppIcon;
				ASSETCATALOG_COMPILER_GLOBAL_ACCENT_COLOR_NAME = AccentColor;
				CODE_SIGN_STYLE = Automatic;
				CURRENT_PROJECT_VERSION = 1;
				DEVELOPMENT_TEAM = 254U69QY85;
				GENERATE_INFOPLIST_FILE = YES;
				INFOPLIST_FILE = EqualPath/Info.plist;
				INFOPLIST_KEY_CFBundleDisplayName = EqualPath;
				INFOPLIST_KEY_NSCameraUsageDescription = "This app use camera to measure";
				INFOPLIST_KEY_UIApplicationSupportsIndirectInputEvents = YES;
				INFOPLIST_KEY_UILaunchStoryboardName = LaunchScreen;
				INFOPLIST_KEY_UIMainStoryboardFile = Main;
				INFOPLIST_KEY_UIStatusBarStyle = "";
				INFOPLIST_KEY_UISupportedInterfaceOrientations_iPad = "UIInterfaceOrientationPortrait UIInterfaceOrientationPortraitUpsideDown UIInterfaceOrientationLandscapeLeft UIInterfaceOrientationLandscapeRight";
				INFOPLIST_KEY_UISupportedInterfaceOrientations_iPhone = "UIInterfaceOrientationPortrait UIInterfaceOrientationLandscapeLeft UIInterfaceOrientationLandscapeRight";
				IPHONEOS_DEPLOYMENT_TARGET = 16.0;
				LD_RUNPATH_SEARCH_PATHS = (
					"$(inherited)",
					"@executable_path/Frameworks",
				);
				MARKETING_VERSION = 1.0;
				PRODUCT_BUNDLE_IDENTIFIER = fr.esgi.hack.equalPath;
				PRODUCT_NAME = "$(TARGET_NAME)";
				SUPPORTED_PLATFORMS = "iphoneos iphonesimulator";
				SUPPORTS_MACCATALYST = NO;
				SUPPORTS_MAC_DESIGNED_FOR_IPHONE_IPAD = NO;
				SWIFT_EMIT_LOC_STRINGS = YES;
				SWIFT_VERSION = 5.0;
				TARGETED_DEVICE_FAMILY = "1,2";
			};
			name = Debug;
		};
		DDEC615D29AFCED7004B11C7 /* Release */ = {
			isa = XCBuildConfiguration;
			buildSettings = {
				ASSETCATALOG_COMPILER_APPICON_NAME = AppIcon;
				ASSETCATALOG_COMPILER_GLOBAL_ACCENT_COLOR_NAME = AccentColor;
				CODE_SIGN_STYLE = Automatic;
				CURRENT_PROJECT_VERSION = 1;
				DEVELOPMENT_TEAM = 254U69QY85;
				GENERATE_INFOPLIST_FILE = YES;
				INFOPLIST_FILE = EqualPath/Info.plist;
				INFOPLIST_KEY_CFBundleDisplayName = EqualPath;
				INFOPLIST_KEY_NSCameraUsageDescription = "This app use camera to measure";
				INFOPLIST_KEY_UIApplicationSupportsIndirectInputEvents = YES;
				INFOPLIST_KEY_UILaunchStoryboardName = LaunchScreen;
				INFOPLIST_KEY_UIMainStoryboardFile = Main;
				INFOPLIST_KEY_UIStatusBarStyle = "";
				INFOPLIST_KEY_UISupportedInterfaceOrientations_iPad = "UIInterfaceOrientationPortrait UIInterfaceOrientationPortraitUpsideDown UIInterfaceOrientationLandscapeLeft UIInterfaceOrientationLandscapeRight";
				INFOPLIST_KEY_UISupportedInterfaceOrientations_iPhone = "UIInterfaceOrientationPortrait UIInterfaceOrientationLandscapeLeft UIInterfaceOrientationLandscapeRight";
				IPHONEOS_DEPLOYMENT_TARGET = 16.0;
				LD_RUNPATH_SEARCH_PATHS = (
					"$(inherited)",
					"@executable_path/Frameworks",
				);
				MARKETING_VERSION = 1.0;
				PRODUCT_BUNDLE_IDENTIFIER = fr.esgi.hack.equalPath;
				PRODUCT_NAME = "$(TARGET_NAME)";
				SUPPORTED_PLATFORMS = "iphoneos iphonesimulator";
				SUPPORTS_MACCATALYST = NO;
				SUPPORTS_MAC_DESIGNED_FOR_IPHONE_IPAD = NO;
				SWIFT_EMIT_LOC_STRINGS = YES;
				SWIFT_VERSION = 5.0;
				TARGETED_DEVICE_FAMILY = "1,2";
			};
			name = Release;
		};
		DDEC615F29AFCED7004B11C7 /* Debug */ = {
			isa = XCBuildConfiguration;
			buildSettings = {
				ALWAYS_EMBED_SWIFT_STANDARD_LIBRARIES = YES;
				BUNDLE_LOADER = "$(TEST_HOST)";
				CODE_SIGN_STYLE = Automatic;
				CURRENT_PROJECT_VERSION = 1;
				DEVELOPMENT_TEAM = 634XQ7A57Z;
				GENERATE_INFOPLIST_FILE = YES;
				IPHONEOS_DEPLOYMENT_TARGET = 16.1;
				MARKETING_VERSION = 1.0;
				PRODUCT_BUNDLE_IDENTIFIER = com.esgi.EqualPathTests;
				PRODUCT_NAME = "$(TARGET_NAME)";
				SWIFT_EMIT_LOC_STRINGS = NO;
				SWIFT_VERSION = 5.0;
				TARGETED_DEVICE_FAMILY = "1,2";
				TEST_HOST = "$(BUILT_PRODUCTS_DIR)/EqualPath.app/$(BUNDLE_EXECUTABLE_FOLDER_PATH)/EqualPath";
			};
			name = Debug;
		};
		DDEC616029AFCED7004B11C7 /* Release */ = {
			isa = XCBuildConfiguration;
			buildSettings = {
				ALWAYS_EMBED_SWIFT_STANDARD_LIBRARIES = YES;
				BUNDLE_LOADER = "$(TEST_HOST)";
				CODE_SIGN_STYLE = Automatic;
				CURRENT_PROJECT_VERSION = 1;
				DEVELOPMENT_TEAM = 634XQ7A57Z;
				GENERATE_INFOPLIST_FILE = YES;
				IPHONEOS_DEPLOYMENT_TARGET = 16.1;
				MARKETING_VERSION = 1.0;
				PRODUCT_BUNDLE_IDENTIFIER = com.esgi.EqualPathTests;
				PRODUCT_NAME = "$(TARGET_NAME)";
				SWIFT_EMIT_LOC_STRINGS = NO;
				SWIFT_VERSION = 5.0;
				TARGETED_DEVICE_FAMILY = "1,2";
				TEST_HOST = "$(BUILT_PRODUCTS_DIR)/EqualPath.app/$(BUNDLE_EXECUTABLE_FOLDER_PATH)/EqualPath";
			};
			name = Release;
		};
		DDEC616229AFCED7004B11C7 /* Debug */ = {
			isa = XCBuildConfiguration;
			buildSettings = {
				ALWAYS_EMBED_SWIFT_STANDARD_LIBRARIES = YES;
				CODE_SIGN_STYLE = Automatic;
				CURRENT_PROJECT_VERSION = 1;
				DEVELOPMENT_TEAM = 634XQ7A57Z;
				GENERATE_INFOPLIST_FILE = YES;
				MARKETING_VERSION = 1.0;
				PRODUCT_BUNDLE_IDENTIFIER = com.esgi.EqualPathUITests;
				PRODUCT_NAME = "$(TARGET_NAME)";
				SWIFT_EMIT_LOC_STRINGS = NO;
				SWIFT_VERSION = 5.0;
				TARGETED_DEVICE_FAMILY = "1,2";
				TEST_TARGET_NAME = EqualPath;
			};
			name = Debug;
		};
		DDEC616329AFCED7004B11C7 /* Release */ = {
			isa = XCBuildConfiguration;
			buildSettings = {
				ALWAYS_EMBED_SWIFT_STANDARD_LIBRARIES = YES;
				CODE_SIGN_STYLE = Automatic;
				CURRENT_PROJECT_VERSION = 1;
				DEVELOPMENT_TEAM = 634XQ7A57Z;
				GENERATE_INFOPLIST_FILE = YES;
				MARKETING_VERSION = 1.0;
				PRODUCT_BUNDLE_IDENTIFIER = com.esgi.EqualPathUITests;
				PRODUCT_NAME = "$(TARGET_NAME)";
				SWIFT_EMIT_LOC_STRINGS = NO;
				SWIFT_VERSION = 5.0;
				TARGETED_DEVICE_FAMILY = "1,2";
				TEST_TARGET_NAME = EqualPath;
			};
			name = Release;
		};
/* End XCBuildConfiguration section */

/* Begin XCConfigurationList section */
		DDEC612C29AFCED4004B11C7 /* Build configuration list for PBXProject "EqualPath" */ = {
			isa = XCConfigurationList;
			buildConfigurations = (
				DDEC615929AFCED7004B11C7 /* Debug */,
				DDEC615A29AFCED7004B11C7 /* Release */,
			);
			defaultConfigurationIsVisible = 0;
			defaultConfigurationName = Release;
		};
		DDEC615B29AFCED7004B11C7 /* Build configuration list for PBXNativeTarget "EqualPath" */ = {
			isa = XCConfigurationList;
			buildConfigurations = (
				DDEC615C29AFCED7004B11C7 /* Debug */,
				DDEC615D29AFCED7004B11C7 /* Release */,
			);
			defaultConfigurationIsVisible = 0;
			defaultConfigurationName = Release;
		};
		DDEC615E29AFCED7004B11C7 /* Build configuration list for PBXNativeTarget "EqualPathTests" */ = {
			isa = XCConfigurationList;
			buildConfigurations = (
				DDEC615F29AFCED7004B11C7 /* Debug */,
				DDEC616029AFCED7004B11C7 /* Release */,
			);
			defaultConfigurationIsVisible = 0;
			defaultConfigurationName = Release;
		};
		DDEC616129AFCED7004B11C7 /* Build configuration list for PBXNativeTarget "EqualPathUITests" */ = {
			isa = XCConfigurationList;
			buildConfigurations = (
				DDEC616229AFCED7004B11C7 /* Debug */,
				DDEC616329AFCED7004B11C7 /* Release */,
			);
			defaultConfigurationIsVisible = 0;
			defaultConfigurationName = Release;
		};
/* End XCConfigurationList section */

/* Begin XCRemoteSwiftPackageReference section */
		4AD93D4029B0C8AD005D1A33 /* XCRemoteSwiftPackageReference "SceneKit-SCNLine" */ = {
			isa = XCRemoteSwiftPackageReference;
			repositoryURL = "https://github.com/maxxfrazer/SceneKit-SCNLine.git";
			requirement = {
				kind = upToNextMajorVersion;
				minimumVersion = 1.0.0;
			};
		};
/* End XCRemoteSwiftPackageReference section */

/* Begin XCSwiftPackageProductDependency section */
		4AD93D4129B0C8AD005D1A33 /* SCNLine */ = {
			isa = XCSwiftPackageProductDependency;
			package = 4AD93D4029B0C8AD005D1A33 /* XCRemoteSwiftPackageReference "SceneKit-SCNLine" */;
			productName = SCNLine;
		};
/* End XCSwiftPackageProductDependency section */
	};
	rootObject = DDEC612929AFCED4004B11C7 /* Project object */;
}
